
Microsoft Visual Studio Solution File, Format Version 12.00
# Visual Studio Version 17
VisualStudioVersion = 17.7.34031.279
MinimumVisualStudioVersion = 10.0.40219.1
Project("{FAE04EC0-301F-11D3-BF4B-00C04F79EFBC}") = "XIIRPL1_08_Ticketing", "XIIRPL1_08_Ticketing\XIIRPL1_08_Ticketing.csproj", "{7C90917B-E567-42B2-94A6-FDBDC58C028B}"
EndProject
Global
	GlobalSection(SolutionConfigurationPlatforms) = preSolution
		Debug|Any CPU = Debug|Any CPU
		Release|Any CPU = Release|Any CPU
	EndGlobalSection
	GlobalSection(ProjectConfigurationPlatforms) = postSolution
		{7C90917B-E567-42B2-94A6-FDBDC58C028B}.Debug|Any CPU.ActiveCfg = Debug|Any CPU
		{7C90917B-E567-42B2-94A6-FDBDC58C028B}.Debug|Any CPU.Build.0 = Debug|Any CPU
		{7C90917B-E567-42B2-94A6-FDBDC58C028B}.Release|Any CPU.ActiveCfg = Release|Any CPU
		{7C90917B-E567-42B2-94A6-FDBDC58C028B}.Release|Any CPU.Build.0 = Release|Any CPU
	EndGlobalSection
	GlobalSection(SolutionProperties) = preSolution
		HideSolutionNode = FALSE
	EndGlobalSection
	GlobalSection(ExtensibilityGlobals) = postSolution
		SolutionGuid = {54239D9A-AE6A-43C3-9714-D404E88A8E6A}
	EndGlobalSection
EndGlobal
